
Microsoft Visual Studio Solution File, Format Version 12.00
# Visual Studio Version 17
VisualStudioVersion = 17.3.32804.467
MinimumVisualStudioVersion = 10.0.40219.1
Project("{FAE04EC0-301F-11D3-BF4B-00C04F79EFBC}") = "KayneAndRonAPI", "KayneAndRonAPI\KayneAndRonAPI.csproj", "{DCEFD7B7-F080-4DAA-9FD3-A61263E36CA3}"
EndProject
Global
	GlobalSection(SolutionConfigurationPlatforms) = preSolution
		Debug|Any CPU = Debug|Any CPU
		Release|Any CPU = Release|Any CPU
	EndGlobalSection
	GlobalSection(ProjectConfigurationPlatforms) = postSolution
		{DCEFD7B7-F080-4DAA-9FD3-A61263E36CA3}.Debug|Any CPU.ActiveCfg = Debug|Any CPU
		{DCEFD7B7-F080-4DAA-9FD3-A61263E36CA3}.Debug|Any CPU.Build.0 = Debug|Any CPU
		{DCEFD7B7-F080-4DAA-9FD3-A61263E36CA3}.Release|Any CPU.ActiveCfg = Release|Any CPU
		{DCEFD7B7-F080-4DAA-9FD3-A61263E36CA3}.Release|Any CPU.Build.0 = Release|Any CPU
	EndGlobalSection
	GlobalSection(SolutionProperties) = preSolution
		HideSolutionNode = FALSE
	EndGlobalSection
	GlobalSection(ExtensibilityGlobals) = postSolution
		SolutionGuid = {761B15AA-07AE-4C12-AE45-7B827DC39C6C}
	EndGlobalSection
EndGlobal
